
Microsoft Visual Studio Solution File, Format Version 12.00
# Visual Studio Version 16
VisualStudioVersion = 16.0.32802.440
MinimumVisualStudioVersion = 10.0.40219.1
Project("{FAE04EC0-301F-11D3-BF4B-00C04F79EFBC}") = "davaidaxao", "davaidaxao\davaidaxao.csproj", "{199D1D08-620A-4459-8162-4DAFDB795265}"
EndProject
Global
	GlobalSection(SolutionConfigurationPlatforms) = preSolution
		Debug|Any CPU = Debug|Any CPU
		Release|Any CPU = Release|Any CPU
	EndGlobalSection
	GlobalSection(ProjectConfigurationPlatforms) = postSolution
		{199D1D08-620A-4459-8162-4DAFDB795265}.Debug|Any CPU.ActiveCfg = Debug|Any CPU
		{199D1D08-620A-4459-8162-4DAFDB795265}.Debug|Any CPU.Build.0 = Debug|Any CPU
		{199D1D08-620A-4459-8162-4DAFDB795265}.Release|Any CPU.ActiveCfg = Release|Any CPU
		{199D1D08-620A-4459-8162-4DAFDB795265}.Release|Any CPU.Build.0 = Release|Any CPU
	EndGlobalSection
	GlobalSection(SolutionProperties) = preSolution
		HideSolutionNode = FALSE
	EndGlobalSection
	GlobalSection(ExtensibilityGlobals) = postSolution
		SolutionGuid = {2B339067-4EDF-4512-8FC4-9DC3A715B87F}
	EndGlobalSection
EndGlobal
